
Microsoft Visual Studio Solution File, Format Version 12.00
# Visual Studio 15
VisualStudioVersion = 15.0.27428.2011
MinimumVisualStudioVersion = 10.0.40219.1
Project("{FAE04EC0-301F-11D3-BF4B-00C04F79EFBC}") = "Checkpoint07.Domain", "Checkpoint07\Checkpoint07.Domain.csproj", "{BE207F4A-4525-42D7-BC02-B86BE8E6FC9D}"
EndProject
Project("{FAE04EC0-301F-11D3-BF4B-00C04F79EFBC}") = "Checkpoint07.App", "Checkpoint07.App\Checkpoint07.App.csproj", "{B6D92CBA-B9A7-41A4-95B1-B5AEB41AD658}"
EndProject
Project("{FAE04EC0-301F-11D3-BF4B-00C04F79EFBC}") = "Checkpoint07.Data", "Checkpoint07.Data\Checkpoint07.Data.csproj", "{44E1E66C-EBEA-483F-B942-5BA41E6F9CDE}"
EndProject
Project("{FAE04EC0-301F-11D3-BF4B-00C04F79EFBC}") = "JourneyTest", "JourneyTest\JourneyTest.csproj", "{C88E6E52-D6DB-497B-8EA5-A916C29D491C}"
EndProject
Global
	GlobalSection(SolutionConfigurationPlatforms) = preSolution
		Debug|Any CPU = Debug|Any CPU
		Release|Any CPU = Release|Any CPU
	EndGlobalSection
	GlobalSection(ProjectConfigurationPlatforms) = postSolution
		{BE207F4A-4525-42D7-BC02-B86BE8E6FC9D}.Debug|Any CPU.ActiveCfg = Debug|Any CPU
		{BE207F4A-4525-42D7-BC02-B86BE8E6FC9D}.Debug|Any CPU.Build.0 = Debug|Any CPU
		{BE207F4A-4525-42D7-BC02-B86BE8E6FC9D}.Release|Any CPU.ActiveCfg = Release|Any CPU
		{BE207F4A-4525-42D7-BC02-B86BE8E6FC9D}.Release|Any CPU.Build.0 = Release|Any CPU
		{B6D92CBA-B9A7-41A4-95B1-B5AEB41AD658}.Debug|Any CPU.ActiveCfg = Debug|Any CPU
		{B6D92CBA-B9A7-41A4-95B1-B5AEB41AD658}.Debug|Any CPU.Build.0 = Debug|Any CPU
		{B6D92CBA-B9A7-41A4-95B1-B5AEB41AD658}.Release|Any CPU.ActiveCfg = Release|Any CPU
		{B6D92CBA-B9A7-41A4-95B1-B5AEB41AD658}.Release|Any CPU.Build.0 = Release|Any CPU
		{44E1E66C-EBEA-483F-B942-5BA41E6F9CDE}.Debug|Any CPU.ActiveCfg = Debug|Any CPU
		{44E1E66C-EBEA-483F-B942-5BA41E6F9CDE}.Debug|Any CPU.Build.0 = Debug|Any CPU
		{44E1E66C-EBEA-483F-B942-5BA41E6F9CDE}.Release|Any CPU.ActiveCfg = Release|Any CPU
		{44E1E66C-EBEA-483F-B942-5BA41E6F9CDE}.Release|Any CPU.Build.0 = Release|Any CPU
		{C88E6E52-D6DB-497B-8EA5-A916C29D491C}.Debug|Any CPU.ActiveCfg = Debug|Any CPU
		{C88E6E52-D6DB-497B-8EA5-A916C29D491C}.Debug|Any CPU.Build.0 = Debug|Any CPU
		{C88E6E52-D6DB-497B-8EA5-A916C29D491C}.Release|Any CPU.ActiveCfg = Release|Any CPU
		{C88E6E52-D6DB-497B-8EA5-A916C29D491C}.Release|Any CPU.Build.0 = Release|Any CPU
	EndGlobalSection
	GlobalSection(SolutionProperties) = preSolution
		HideSolutionNode = FALSE
	EndGlobalSection
	GlobalSection(ExtensibilityGlobals) = postSolution
		SolutionGuid = {3546BF4F-629F-4244-ABEA-AABD38946D3E}
	EndGlobalSection
EndGlobal
